// !$*UTF8*$!
{
	archiveVersion = 1;
	classes = {
	};
	objectVersion = 77;
	objects = {

/* Begin PBXBuildFile section */
		248FD37FEA315E0898087B63 /* Foundation.framework in Frameworks */ = {isa = PBXBuildFile; fileRef = 49EF966BCD04E6A09E891931 /* Foundation.framework */; };
		312E7246FDA0F3558B4AA5FD /* StoreKit.framework in Frameworks */ = {isa = PBXBuildFile; fileRef = E0FB6AFB2F42182100AE34F0 /* StoreKit.framework */; };
		8DE154273ABF02DC781EEE16 /* MyConverterCore.framework in Frameworks */ = {isa = PBXBuildFile; fileRef = 659703B8DADBF857A606D98F /* MyConverterCore.framework */; };
		A60663F6186E3430B573F8CF /* Foundation.framework in Frameworks */ = {isa = PBXBuildFile; fileRef = 49EF966BCD04E6A09E891931 /* Foundation.framework */; };
		CEE38D7A6353E7E0C033AB0F /* Foundation.framework in Frameworks */ = {isa = PBXBuildFile; fileRef = 49EF966BCD04E6A09E891931 /* Foundation.framework */; };
		E0FB6AFC2F42182100AE34F0 /* StoreKit.framework in Frameworks */ = {isa = PBXBuildFile; fileRef = E0FB6AFB2F42182100AE34F0 /* StoreKit.framework */; };
		E448F5C7F1532577FAB8099D /* FFmpeg-iOS in Frameworks */ = {isa = PBXBuildFile; productRef = 5AA5E5DC33EBE17A0BE002E2 /* FFmpeg-iOS */; };
/* End PBXBuildFile section */

/* Begin PBXContainerItemProxy section */
		D129FBBFF07B286BDDA1A50D /* PBXContainerItemProxy */ = {
			isa = PBXContainerItemProxy;
			containerPortal = E03540062F404D4C0017223C /* Project object */;
			proxyType = 1;
			remoteGlobalIDString = EF4AB5BD5AE1120567337DED;
			remoteInfo = MyConverterCore;
		};
/* End PBXContainerItemProxy section */

/* Begin PBXFileReference section */
		489D87FE88E35E3E1EA8AC20 /* MyConverterCoreTests.xctest */ = {isa = PBXFileReference; explicitFileType = wrapper.cfbundle; includeInIndex = 0; path = MyConverterCoreTests.xctest; sourceTree = BUILT_PRODUCTS_DIR; };
		49EF966BCD04E6A09E891931 /* Foundation.framework */ = {isa = PBXFileReference; lastKnownFileType = wrapper.framework; name = Foundation.framework; path = Platforms/iPhoneOS.platform/Developer/SDKs/iPhoneOS18.0.sdk/System/Library/Frameworks/Foundation.framework; sourceTree = DEVELOPER_DIR; };
		659703B8DADBF857A606D98F /* MyConverterCore.framework */ = {isa = PBXFileReference; explicitFileType = wrapper.framework; includeInIndex = 0; path = MyConverterCore.framework; sourceTree = BUILT_PRODUCTS_DIR; };
		D79CA56D1B7878F0C1B0C544 /* MyConverteriPad.app */ = {isa = PBXFileReference; explicitFileType = wrapper.application; includeInIndex = 0; path = MyConverteriPad.app; sourceTree = BUILT_PRODUCTS_DIR; };
		E035400E2F404D4C0017223C /* MyConverter.app */ = {isa = PBXFileReference; explicitFileType = wrapper.application; includeInIndex = 0; path = MyConverter.app; sourceTree = BUILT_PRODUCTS_DIR; };
		E0912D482F5AF08700574DC4 /* LocalTesting.storekit */ = {isa = PBXFileReference; lastKnownFileType = text; name = LocalTesting.storekit; path = ../LocalTesting.storekit; sourceTree = "<group>"; };
		E0FB6AFB2F42182100AE34F0 /* StoreKit.framework */ = {isa = PBXFileReference; lastKnownFileType = wrapper.framework; name = StoreKit.framework; path = System/Library/Frameworks/StoreKit.framework; sourceTree = SDKROOT; };
/* End PBXFileReference section */

/* Begin PBXFileSystemSynchronizedBuildFileExceptionSet section */
		5358BE74EEB12095DF855D15 /* Exceptions for "MyConverter" folder in "MyConverteriPad" target */ = {
			isa = PBXFileSystemSynchronizedBuildFileExceptionSet;
			membershipExceptions = (
				AboutDetailView.swift,
				Assets.xcassets,
				ContentView.swift,
				ConverterViewComponents.swift,
				FileSelectionDropView.swift,
				MyConverterApp.swift,
				SidebarView.swift,
				UnifiedFileListView.swift,
				UnifiedFileRowView.swift,
			);
			target = 107AC0775C98C9D6B3116473 /* MyConverteriPad */;
		};
		86AF494EB21F33AC1A380CD8 /* Exceptions for "MyConverterCore" folder in "MyConverterCore" target */ = {
			isa = PBXFileSystemSynchronizedBuildFileExceptionSet;
			membershipExceptions = (
				"MediaKind+Theme.swift",
			);
			target = EF4AB5BD5AE1120567337DED /* MyConverterCore */;
		};
/* End PBXFileSystemSynchronizedBuildFileExceptionSet section */

/* Begin PBXFileSystemSynchronizedRootGroup section */
		2551021D9216AD3D03C1E11E /* MyConverterCore */ = {
			isa = PBXFileSystemSynchronizedRootGroup;
			exceptions = (
				86AF494EB21F33AC1A380CD8 /* Exceptions for "MyConverterCore" folder in "MyConverterCore" target */,
			);
			path = MyConverterCore;
			sourceTree = "<group>";
		};
		A4962CD090CDF8A3F55CACF2 /* MyConverteriOS */ = {
			isa = PBXFileSystemSynchronizedRootGroup;
			path = MyConverteriOS;
			sourceTree = "<group>";
		};
		E03540102F404D4C0017223C /* MyConverter */ = {
			isa = PBXFileSystemSynchronizedRootGroup;
			exceptions = (
				5358BE74EEB12095DF855D15 /* Exceptions for "MyConverter" folder in "MyConverteriPad" target */,
			);
			path = MyConverter;
			sourceTree = "<group>";
		};
		FD4903EC514C6C8655423980 /* ../MyConverterCoreTests */ = {
			isa = PBXFileSystemSynchronizedRootGroup;
			path = ../MyConverterCoreTests;
			sourceTree = "<group>";
		};
/* End PBXFileSystemSynchronizedRootGroup section */

/* Begin PBXFrameworksBuildPhase section */
		46A83C74562A145BC6C16803 /* Frameworks */ = {
			isa = PBXFrameworksBuildPhase;
			buildActionMask = 2147483647;
			files = (
				CEE38D7A6353E7E0C033AB0F /* Foundation.framework in Frameworks */,
				312E7246FDA0F3558B4AA5FD /* StoreKit.framework in Frameworks */,
				E448F5C7F1532577FAB8099D /* FFmpeg-iOS in Frameworks */,
			);
			runOnlyForDeploymentPostprocessing = 0;
		};
		9DAC385A91567A3EC478A746 /* Frameworks */ = {
			isa = PBXFrameworksBuildPhase;
			buildActionMask = 2147483647;
			files = (
				248FD37FEA315E0898087B63 /* Foundation.framework in Frameworks */,
				8DE154273ABF02DC781EEE16 /* MyConverterCore.framework in Frameworks */,
			);
			runOnlyForDeploymentPostprocessing = 0;
		};
		E035400B2F404D4C0017223C /* Frameworks */ = {
			isa = PBXFrameworksBuildPhase;
			buildActionMask = 2147483647;
			files = (
				E0FB6AFC2F42182100AE34F0 /* StoreKit.framework in Frameworks */,
			);
			runOnlyForDeploymentPostprocessing = 0;
		};
		F87634F0490BB1DC774FF9C3 /* Frameworks */ = {
			isa = PBXFrameworksBuildPhase;
			buildActionMask = 2147483647;
			files = (
				A60663F6186E3430B573F8CF /* Foundation.framework in Frameworks */,
			);
			runOnlyForDeploymentPostprocessing = 0;
		};
/* End PBXFrameworksBuildPhase section */

/* Begin PBXGroup section */
		4A31EDBD0A41D80C31D735F1 /* iOS */ = {
			isa = PBXGroup;
			children = (
				49EF966BCD04E6A09E891931 /* Foundation.framework */,
			);
			name = iOS;
			sourceTree = "<group>";
		};
		E03540052F404D4C0017223C = {
			isa = PBXGroup;
			children = (
				E0912D482F5AF08700574DC4 /* LocalTesting.storekit */,
				E03540102F404D4C0017223C /* MyConverter */,
				E0FB6AFA2F42182100AE34F0 /* Frameworks */,
				E035400F2F404D4C0017223C /* Products */,
				2551021D9216AD3D03C1E11E /* MyConverterCore */,
				FD4903EC514C6C8655423980 /* ../MyConverterCoreTests */,
				A4962CD090CDF8A3F55CACF2 /* MyConverteriOS */,
			);
			sourceTree = "<group>";
		};
		E035400F2F404D4C0017223C /* Products */ = {
			isa = PBXGroup;
			children = (
				E035400E2F404D4C0017223C /* MyConverter.app */,
				659703B8DADBF857A606D98F /* MyConverterCore.framework */,
				D79CA56D1B7878F0C1B0C544 /* MyConverteriPad.app */,
				489D87FE88E35E3E1EA8AC20 /* MyConverterCoreTests.xctest */,
			);
			name = Products;
			sourceTree = "<group>";
		};
		E0FB6AFA2F42182100AE34F0 /* Frameworks */ = {
			isa = PBXGroup;
			children = (
				E0FB6AFB2F42182100AE34F0 /* StoreKit.framework */,
				4A31EDBD0A41D80C31D735F1 /* iOS */,
			);
			name = Frameworks;
			sourceTree = "<group>";
		};
/* End PBXGroup section */

/* Begin PBXHeadersBuildPhase section */
		9FFC7765F437AD7DE3C3D0AF /* Headers */ = {
			isa = PBXHeadersBuildPhase;
			buildActionMask = 2147483647;
			files = (
			);
			runOnlyForDeploymentPostprocessing = 0;
		};
/* End PBXHeadersBuildPhase section */

/* Begin PBXNativeTarget section */
		107AC0775C98C9D6B3116473 /* MyConverteriPad */ = {
			isa = PBXNativeTarget;
			buildConfigurationList = 1B334C1512534E5BBD7F7F06 /* Build configuration list for PBXNativeTarget "MyConverteriPad" */;
			buildPhases = (
				9584F7DFC745F8C44A0CE5F0 /* Sources */,
				46A83C74562A145BC6C16803 /* Frameworks */,
				9306D8CD252390EA03A82811 /* Resources */,
			);
			buildRules = (
			);
			dependencies = (
			);
			fileSystemSynchronizedGroups = (
				2551021D9216AD3D03C1E11E /* MyConverterCore */,
				A4962CD090CDF8A3F55CACF2 /* MyConverteriOS */,
				E03540102F404D4C0017223C /* MyConverter */,
			);
			name = MyConverteriPad;
			packageProductDependencies = (
				5AA5E5DC33EBE17A0BE002E2 /* FFmpeg-iOS */,
			);
			productName = MyConverteriPad;
			productReference = D79CA56D1B7878F0C1B0C544 /* MyConverteriPad.app */;
			productType = "com.apple.product-type.application";
		};
		A763A305D242ED5434D36B50 /* MyConverterCoreTests */ = {
			isa = PBXNativeTarget;
			buildConfigurationList = C0F4F8871A13BFBCACE79FC5 /* Build configuration list for PBXNativeTarget "MyConverterCoreTests" */;
			buildPhases = (
				581A6E01E238168CCAE12A60 /* Sources */,
				9DAC385A91567A3EC478A746 /* Frameworks */,
				7478E4EC4DFE3DE003812A54 /* Resources */,
			);
			buildRules = (
			);
			dependencies = (
				58D5230714A7B91D3FDDF344 /* PBXTargetDependency */,
			);
			fileSystemSynchronizedGroups = (
				FD4903EC514C6C8655423980 /* ../MyConverterCoreTests */,
			);
			name = MyConverterCoreTests;
			productName = MyConverterCoreTests;
			productReference = 489D87FE88E35E3E1EA8AC20 /* MyConverterCoreTests.xctest */;
			productType = "com.apple.product-type.bundle.unit-test";
		};
		E035400D2F404D4C0017223C /* MyConverter */ = {
			isa = PBXNativeTarget;
			buildConfigurationList = E03540192F404D4E0017223C /* Build configuration list for PBXNativeTarget "MyConverter" */;
			buildPhases = (
				E035400A2F404D4C0017223C /* Sources */,
				E035400B2F404D4C0017223C /* Frameworks */,
				E035401C2F404D4C0017223C /* Embed ffmpeg */,
				E035400C2F404D4C0017223C /* Resources */,
			);
			buildRules = (
			);
			dependencies = (
			);
			fileSystemSynchronizedGroups = (
				2551021D9216AD3D03C1E11E /* MyConverterCore */,
				E03540102F404D4C0017223C /* MyConverter */,
			);
			name = MyConverter;
			productName = MyConverter;
			productReference = E035400E2F404D4C0017223C /* MyConverter.app */;
			productType = "com.apple.product-type.application";
		};
		EF4AB5BD5AE1120567337DED /* MyConverterCore */ = {
			isa = PBXNativeTarget;
			buildConfigurationList = E5059FB201A6816451D80CE0 /* Build configuration list for PBXNativeTarget "MyConverterCore" */;
			buildPhases = (
				9FFC7765F437AD7DE3C3D0AF /* Headers */,
				6004C640EE65772C24FBFD65 /* Sources */,
				F87634F0490BB1DC774FF9C3 /* Frameworks */,
				C68151996702FE2F5135E190 /* Resources */,
			);
			buildRules = (
			);
			dependencies = (
			);
			fileSystemSynchronizedGroups = (
				2551021D9216AD3D03C1E11E /* MyConverterCore */,
			);
			name = MyConverterCore;
			productName = MyConverterCore;
			productReference = 659703B8DADBF857A606D98F /* MyConverterCore.framework */;
			productType = "com.apple.product-type.framework";
		};
/* End PBXNativeTarget section */

/* Begin PBXProject section */
		E03540062F404D4C0017223C /* Project object */ = {
			isa = PBXProject;
			attributes = {
				BuildIndependentTargetsInParallel = 1;
				LastSwiftUpdateCheck = 2630;
				LastUpgradeCheck = 2630;
				TargetAttributes = {
					E035400D2F404D4C0017223C = {
						CreatedOnToolsVersion = 26.3;
					};
				};
			};
			buildConfigurationList = E03540092F404D4C0017223C /* Build configuration list for PBXProject "MyConverter" */;
			developmentRegion = en;
			hasScannedForEncodings = 0;
			knownRegions = (
				en,
				Base,
			);
			mainGroup = E03540052F404D4C0017223C;
			minimizedProjectReferenceProxies = 1;
			packageReferences = (
				F365B99F3E61B672A91096BD /* XCRemoteSwiftPackageReference "FFmpeg-iOS" */,
			);
			preferredProjectObjectVersion = 77;
			productRefGroup = E035400F2F404D4C0017223C /* Products */;
			projectDirPath = "";
			projectRoot = "";
			targets = (
				E035400D2F404D4C0017223C /* MyConverter */,
				EF4AB5BD5AE1120567337DED /* MyConverterCore */,
				107AC0775C98C9D6B3116473 /* MyConverteriPad */,
				A763A305D242ED5434D36B50 /* MyConverterCoreTests */,
			);
		};
/* End PBXProject section */

/* Begin PBXResourcesBuildPhase section */
		7478E4EC4DFE3DE003812A54 /* Resources */ = {
			isa = PBXResourcesBuildPhase;
			buildActionMask = 2147483647;
			files = (
			);
			runOnlyForDeploymentPostprocessing = 0;
		};
		9306D8CD252390EA03A82811 /* Resources */ = {
			isa = PBXResourcesBuildPhase;
			buildActionMask = 2147483647;
			files = (
			);
			runOnlyForDeploymentPostprocessing = 0;
		};
		C68151996702FE2F5135E190 /* Resources */ = {
			isa = PBXResourcesBuildPhase;
			buildActionMask = 2147483647;
			files = (
			);
			runOnlyForDeploymentPostprocessing = 0;
		};
		E035400C2F404D4C0017223C /* Resources */ = {
			isa = PBXResourcesBuildPhase;
			buildActionMask = 2147483647;
			files = (
			);
			runOnlyForDeploymentPostprocessing = 0;
		};
/* End PBXResourcesBuildPhase section */

/* Begin PBXShellScriptBuildPhase section */
		E035401C2F404D4C0017223C /* Embed ffmpeg */ = {
			isa = PBXShellScriptBuildPhase;
			buildActionMask = 2147483647;
			files = (
			);
			inputPaths = (
				"$(SRCROOT)/Scripts/EmbedFFmpegInApp.sh",
				"$(SRCROOT)/../Tools/ffmpeg/ffmpeg",
				"$(SRCROOT)/Tools/ffmpeg/ffmpeg",
			);
			name = "Embed ffmpeg";
			outputPaths = (
				"$(TARGET_BUILD_DIR)/$(UNLOCALIZED_RESOURCES_FOLDER_PATH)/ffmpeg",
			);
			runOnlyForDeploymentPostprocessing = 0;
			shellPath = /bin/sh;
			shellScript = "\"${SRCROOT}/Scripts/EmbedFFmpegInApp.sh\"";
		};
/* End PBXShellScriptBuildPhase section */

/* Begin PBXSourcesBuildPhase section */
		581A6E01E238168CCAE12A60 /* Sources */ = {
			isa = PBXSourcesBuildPhase;
			buildActionMask = 2147483647;
			files = (
			);
			runOnlyForDeploymentPostprocessing = 0;
		};
		6004C640EE65772C24FBFD65 /* Sources */ = {
			isa = PBXSourcesBuildPhase;
			buildActionMask = 2147483647;
			files = (
			);
			runOnlyForDeploymentPostprocessing = 0;
		};
		9584F7DFC745F8C44A0CE5F0 /* Sources */ = {
			isa = PBXSourcesBuildPhase;
			buildActionMask = 2147483647;
			files = (
			);
			runOnlyForDeploymentPostprocessing = 0;
		};
		E035400A2F404D4C0017223C /* Sources */ = {
			isa = PBXSourcesBuildPhase;
			buildActionMask = 2147483647;
			files = (
			);
			runOnlyForDeploymentPostprocessing = 0;
		};
/* End PBXSourcesBuildPhase section */

/* Begin PBXTargetDependency section */
		58D5230714A7B91D3FDDF344 /* PBXTargetDependency */ = {
			isa = PBXTargetDependency;
			name = MyConverterCore;
			target = EF4AB5BD5AE1120567337DED /* MyConverterCore */;
			targetProxy = D129FBBFF07B286BDDA1A50D /* PBXContainerItemProxy */;
		};
/* End PBXTargetDependency section */

/* Begin XCBuildConfiguration section */
		0730BC0C5642AD386D72E16C /* Debug */ = {
			isa = XCBuildConfiguration;
			buildSettings = {
				CLANG_ENABLE_OBJC_WEAK = NO;
				CODE_SIGN_STYLE = Automatic;
				CURRENT_PROJECT_VERSION = 5;
				DEVELOPMENT_TEAM = DYMB4UT7G5;
				GENERATE_INFOPLIST_FILE = YES;
				IPHONEOS_DEPLOYMENT_TARGET = 26.0;
				MARKETING_VERSION = 1.2;
				PRODUCT_BUNDLE_IDENTIFIER = com.deferare.MyConverterCoreTests;
				PRODUCT_NAME = "$(TARGET_NAME)";
				SDKROOT = auto;
				SUPPORTED_PLATFORMS = "iphoneos iphonesimulator";
				SWIFT_APPROACHABLE_CONCURRENCY = YES;
				SWIFT_DEFAULT_ACTOR_ISOLATION = MainActor;
				SWIFT_EMIT_LOC_STRINGS = YES;
				SWIFT_UPCOMING_FEATURE_MEMBER_IMPORT_VISIBILITY = YES;
				SWIFT_VERSION = 5.0;
				TARGETED_DEVICE_FAMILY = "1,2";
			};
			name = Debug;
		};
		3C122A3FB5B0848EB630798A /* Release */ = {
			isa = XCBuildConfiguration;
			buildSettings = {
				ASSETCATALOG_COMPILER_APPICON_NAME = AppIcon;
				ASSETCATALOG_COMPILER_GLOBAL_ACCENT_COLOR_NAME = AccentColor;
				CLANG_ENABLE_OBJC_WEAK = NO;
				CODE_SIGN_STYLE = Automatic;
				CURRENT_PROJECT_VERSION = 5;
				DEVELOPMENT_TEAM = DYMB4UT7G5;
				ENABLE_PREVIEWS = YES;
				GENERATE_INFOPLIST_FILE = YES;
				INFOPLIST_KEY_CFBundleDisplayName = MyConverter;
				INFOPLIST_KEY_CFBundleName = MyConverter;
				"INFOPLIST_KEY_UIApplicationSceneManifest_Generation[sdk=iphoneos*]" = YES;
				"INFOPLIST_KEY_UIApplicationSceneManifest_Generation[sdk=iphonesimulator*]" = YES;
				"INFOPLIST_KEY_UIApplicationSupportsIndirectInputEvents[sdk=iphoneos*]" = YES;
				"INFOPLIST_KEY_UIApplicationSupportsIndirectInputEvents[sdk=iphonesimulator*]" = YES;
				"INFOPLIST_KEY_UILaunchScreen_Generation[sdk=iphoneos*]" = YES;
				"INFOPLIST_KEY_UILaunchScreen_Generation[sdk=iphonesimulator*]" = YES;
				INFOPLIST_KEY_UISupportedInterfaceOrientations_iPad = "UIInterfaceOrientationPortrait UIInterfaceOrientationPortraitUpsideDown UIInterfaceOrientationLandscapeLeft UIInterfaceOrientationLandscapeRight";
				INFOPLIST_KEY_UISupportedInterfaceOrientations_iPhone = "UIInterfaceOrientationPortrait UIInterfaceOrientationLandscapeLeft UIInterfaceOrientationLandscapeRight";
				IPHONEOS_DEPLOYMENT_TARGET = 26.0;
				LD_RUNPATH_SEARCH_PATHS = "@executable_path/Frameworks";
				MARKETING_VERSION = 1.2;
				PRODUCT_BUNDLE_IDENTIFIER = com.deferare.MyConverter.iPad;
				PRODUCT_NAME = "$(TARGET_NAME)";
				SDKROOT = auto;
				STRING_CATALOG_GENERATE_SYMBOLS = YES;
				SUPPORTED_PLATFORMS = "iphoneos iphonesimulator";
				SWIFT_ACTIVE_COMPILATION_CONDITIONS = "$(inherited) MYCONVERTER_IOS_FFMPEG_BRIDGE";
				SWIFT_APPROACHABLE_CONCURRENCY = YES;
				SWIFT_DEFAULT_ACTOR_ISOLATION = MainActor;
				SWIFT_EMIT_LOC_STRINGS = YES;
				SWIFT_UPCOMING_FEATURE_MEMBER_IMPORT_VISIBILITY = YES;
				SWIFT_VERSION = 5.0;
				TARGETED_DEVICE_FAMILY = "1,2";
				VALIDATE_PRODUCT = YES;
			};
			name = Release;
		};
		917EA722CA5019C38D08E9BF /* Release */ = {
			isa = XCBuildConfiguration;
			buildSettings = {
				CLANG_ENABLE_OBJC_WEAK = NO;
				CODE_SIGN_STYLE = Automatic;
				CURRENT_PROJECT_VERSION = 5;
				DEFINES_MODULE = YES;
				DEVELOPMENT_TEAM = DYMB4UT7G5;
				DYLIB_COMPATIBILITY_VERSION = 1;
				DYLIB_CURRENT_VERSION = 1;
				DYLIB_INSTALL_NAME_BASE = "@rpath";
				GENERATE_INFOPLIST_FILE = YES;
				INSTALL_PATH = "$(LOCAL_LIBRARY_DIR)/Frameworks";
				IPHONEOS_DEPLOYMENT_TARGET = 26.0;
				LD_RUNPATH_SEARCH_PATHS = (
					"$(inherited)",
					"@executable_path/Frameworks",
					"@loader_path/Frameworks",
				);
				MARKETING_VERSION = 1.2;
				PRODUCT_BUNDLE_IDENTIFIER = com.deferare.MyConverterCore;
				PRODUCT_NAME = "$(TARGET_NAME)";
				SDKROOT = auto;
				SKIP_INSTALL = YES;
				SUPPORTED_PLATFORMS = "iphoneos iphonesimulator";
				SWIFT_APPROACHABLE_CONCURRENCY = YES;
				SWIFT_DEFAULT_ACTOR_ISOLATION = MainActor;
				SWIFT_EMIT_LOC_STRINGS = YES;
				SWIFT_UPCOMING_FEATURE_MEMBER_IMPORT_VISIBILITY = YES;
				SWIFT_VERSION = 5.0;
				TARGETED_DEVICE_FAMILY = "1,2";
				VALIDATE_PRODUCT = YES;
				VERSIONING_SYSTEM = "apple-generic";
				VERSION_INFO_PREFIX = "";
			};
			name = Release;
		};
		A12B671751FBCA890DDFE135 /* Debug */ = {
			isa = XCBuildConfiguration;
			buildSettings = {
				ASSETCATALOG_COMPILER_APPICON_NAME = AppIcon;
				ASSETCATALOG_COMPILER_GLOBAL_ACCENT_COLOR_NAME = AccentColor;
				CLANG_ENABLE_OBJC_WEAK = NO;
				CODE_SIGN_STYLE = Automatic;
				CURRENT_PROJECT_VERSION = 5;
				DEVELOPMENT_TEAM = DYMB4UT7G5;
				ENABLE_PREVIEWS = YES;
				GENERATE_INFOPLIST_FILE = YES;
				INFOPLIST_KEY_CFBundleDisplayName = MyConverter;
				INFOPLIST_KEY_CFBundleName = MyConverter;
				"INFOPLIST_KEY_UIApplicationSceneManifest_Generation[sdk=iphoneos*]" = YES;
				"INFOPLIST_KEY_UIApplicationSceneManifest_Generation[sdk=iphonesimulator*]" = YES;
				"INFOPLIST_KEY_UIApplicationSupportsIndirectInputEvents[sdk=iphoneos*]" = YES;
				"INFOPLIST_KEY_UIApplicationSupportsIndirectInputEvents[sdk=iphonesimulator*]" = YES;
				"INFOPLIST_KEY_UILaunchScreen_Generation[sdk=iphoneos*]" = YES;
				"INFOPLIST_KEY_UILaunchScreen_Generation[sdk=iphonesimulator*]" = YES;
				INFOPLIST_KEY_UISupportedInterfaceOrientations_iPad = "UIInterfaceOrientationPortrait UIInterfaceOrientationPortraitUpsideDown UIInterfaceOrientationLandscapeLeft UIInterfaceOrientationLandscapeRight";
				INFOPLIST_KEY_UISupportedInterfaceOrientations_iPhone = "UIInterfaceOrientationPortrait UIInterfaceOrientationLandscapeLeft UIInterfaceOrientationLandscapeRight";
				IPHONEOS_DEPLOYMENT_TARGET = 26.0;
				LD_RUNPATH_SEARCH_PATHS = "@executable_path/Frameworks";
				MARKETING_VERSION = 1.2;
				PRODUCT_BUNDLE_IDENTIFIER = com.deferare.MyConverter.iPad;
				PRODUCT_NAME = "$(TARGET_NAME)";
				SDKROOT = auto;
				STRING_CATALOG_GENERATE_SYMBOLS = YES;
				SUPPORTED_PLATFORMS = "iphoneos iphonesimulator";
				SWIFT_ACTIVE_COMPILATION_CONDITIONS = "$(inherited) MYCONVERTER_IOS_FFMPEG_BRIDGE";
				SWIFT_APPROACHABLE_CONCURRENCY = YES;
				SWIFT_DEFAULT_ACTOR_ISOLATION = MainActor;
				SWIFT_EMIT_LOC_STRINGS = YES;
				SWIFT_UPCOMING_FEATURE_MEMBER_IMPORT_VISIBILITY = YES;
				SWIFT_VERSION = 5.0;
				TARGETED_DEVICE_FAMILY = "1,2";
			};
			name = Debug;
		};
		E03540172F404D4E0017223C /* Debug */ = {
			isa = XCBuildConfiguration;
			buildSettings = {
				ALWAYS_SEARCH_USER_PATHS = NO;
				ASSETCATALOG_COMPILER_GENERATE_SWIFT_ASSET_SYMBOL_EXTENSIONS = YES;
				CLANG_ANALYZER_NONNULL = YES;
				CLANG_ANALYZER_NUMBER_OBJECT_CONVERSION = YES_AGGRESSIVE;
				CLANG_CXX_LANGUAGE_STANDARD = "gnu++20";
				CLANG_ENABLE_MODULES = YES;
				CLANG_ENABLE_OBJC_ARC = YES;
				CLANG_ENABLE_OBJC_WEAK = YES;
				CLANG_WARN_BLOCK_CAPTURE_AUTORELEASING = YES;
				CLANG_WARN_BOOL_CONVERSION = YES;
				CLANG_WARN_COMMA = YES;
				CLANG_WARN_CONSTANT_CONVERSION = YES;
				CLANG_WARN_DEPRECATED_OBJC_IMPLEMENTATIONS = YES;
				CLANG_WARN_DIRECT_OBJC_ISA_USAGE = YES_ERROR;
				CLANG_WARN_DOCUMENTATION_COMMENTS = YES;
				CLANG_WARN_EMPTY_BODY = YES;
				CLANG_WARN_ENUM_CONVERSION = YES;
				CLANG_WARN_INFINITE_RECURSION = YES;
				CLANG_WARN_INT_CONVERSION = YES;
				CLANG_WARN_NON_LITERAL_NULL_CONVERSION = YES;
				CLANG_WARN_OBJC_IMPLICIT_RETAIN_SELF = YES;
				CLANG_WARN_OBJC_LITERAL_CONVERSION = YES;
				CLANG_WARN_OBJC_ROOT_CLASS = YES_ERROR;
				CLANG_WARN_QUOTED_INCLUDE_IN_FRAMEWORK_HEADER = YES;
				CLANG_WARN_RANGE_LOOP_ANALYSIS = YES;
				CLANG_WARN_STRICT_PROTOTYPES = YES;
				CLANG_WARN_SUSPICIOUS_MOVE = YES;
				CLANG_WARN_UNGUARDED_AVAILABILITY = YES_AGGRESSIVE;
				CLANG_WARN_UNREACHABLE_CODE = YES;
				CLANG_WARN__DUPLICATE_METHOD_MATCH = YES;
				COPY_PHASE_STRIP = NO;
				DEBUG_INFORMATION_FORMAT = dwarf;
				DEVELOPMENT_TEAM = DYMB4UT7G5;
				ENABLE_STRICT_OBJC_MSGSEND = YES;
				ENABLE_TESTABILITY = YES;
				ENABLE_USER_SCRIPT_SANDBOXING = YES;
				GCC_C_LANGUAGE_STANDARD = gnu17;
				GCC_DYNAMIC_NO_PIC = NO;
				GCC_NO_COMMON_BLOCKS = YES;
				GCC_OPTIMIZATION_LEVEL = 0;
				GCC_PREPROCESSOR_DEFINITIONS = (
					"DEBUG=1",
					"$(inherited)",
				);
				GCC_WARN_64_TO_32_BIT_CONVERSION = YES;
				GCC_WARN_ABOUT_RETURN_TYPE = YES_ERROR;
				GCC_WARN_UNDECLARED_SELECTOR = YES;
				GCC_WARN_UNINITIALIZED_AUTOS = YES_AGGRESSIVE;
				GCC_WARN_UNUSED_FUNCTION = YES;
				GCC_WARN_UNUSED_VARIABLE = YES;
				LOCALIZATION_PREFERS_STRING_CATALOGS = YES;
				MTL_ENABLE_DEBUG_INFO = INCLUDE_SOURCE;
				MTL_FAST_MATH = YES;
				ONLY_ACTIVE_ARCH = YES;
				SWIFT_ACTIVE_COMPILATION_CONDITIONS = "DEBUG $(inherited)";
				SWIFT_OPTIMIZATION_LEVEL = "-Onone";
			};
			name = Debug;
		};
		E03540182F404D4E0017223C /* Release */ = {
			isa = XCBuildConfiguration;
			buildSettings = {
				ALWAYS_SEARCH_USER_PATHS = NO;
				ASSETCATALOG_COMPILER_GENERATE_SWIFT_ASSET_SYMBOL_EXTENSIONS = YES;
				CLANG_ANALYZER_NONNULL = YES;
				CLANG_ANALYZER_NUMBER_OBJECT_CONVERSION = YES_AGGRESSIVE;
				CLANG_CXX_LANGUAGE_STANDARD = "gnu++20";
				CLANG_ENABLE_MODULES = YES;
				CLANG_ENABLE_OBJC_ARC = YES;
				CLANG_ENABLE_OBJC_WEAK = YES;
				CLANG_WARN_BLOCK_CAPTURE_AUTORELEASING = YES;
				CLANG_WARN_BOOL_CONVERSION = YES;
				CLANG_WARN_COMMA = YES;
				CLANG_WARN_CONSTANT_CONVERSION = YES;
				CLANG_WARN_DEPRECATED_OBJC_IMPLEMENTATIONS = YES;
				CLANG_WARN_DIRECT_OBJC_ISA_USAGE = YES_ERROR;
				CLANG_WARN_DOCUMENTATION_COMMENTS = YES;
				CLANG_WARN_EMPTY_BODY = YES;
				CLANG_WARN_ENUM_CONVERSION = YES;
				CLANG_WARN_INFINITE_RECURSION = YES;
				CLANG_WARN_INT_CONVERSION = YES;
				CLANG_WARN_NON_LITERAL_NULL_CONVERSION = YES;
				CLANG_WARN_OBJC_IMPLICIT_RETAIN_SELF = YES;
				CLANG_WARN_OBJC_LITERAL_CONVERSION = YES;
				CLANG_WARN_OBJC_ROOT_CLASS = YES_ERROR;
				CLANG_WARN_QUOTED_INCLUDE_IN_FRAMEWORK_HEADER = YES;
				CLANG_WARN_RANGE_LOOP_ANALYSIS = YES;
				CLANG_WARN_STRICT_PROTOTYPES = YES;
				CLANG_WARN_SUSPICIOUS_MOVE = YES;
				CLANG_WARN_UNGUARDED_AVAILABILITY = YES_AGGRESSIVE;
				CLANG_WARN_UNREACHABLE_CODE = YES;
				CLANG_WARN__DUPLICATE_METHOD_MATCH = YES;
				COPY_PHASE_STRIP = NO;
				DEBUG_INFORMATION_FORMAT = "dwarf-with-dsym";
				DEVELOPMENT_TEAM = DYMB4UT7G5;
				ENABLE_NS_ASSERTIONS = NO;
				ENABLE_STRICT_OBJC_MSGSEND = YES;
				ENABLE_USER_SCRIPT_SANDBOXING = YES;
				GCC_C_LANGUAGE_STANDARD = gnu17;
				GCC_NO_COMMON_BLOCKS = YES;
				GCC_WARN_64_TO_32_BIT_CONVERSION = YES;
				GCC_WARN_ABOUT_RETURN_TYPE = YES_ERROR;
				GCC_WARN_UNDECLARED_SELECTOR = YES;
				GCC_WARN_UNINITIALIZED_AUTOS = YES_AGGRESSIVE;
				GCC_WARN_UNUSED_FUNCTION = YES;
				GCC_WARN_UNUSED_VARIABLE = YES;
				LOCALIZATION_PREFERS_STRING_CATALOGS = YES;
				MTL_ENABLE_DEBUG_INFO = NO;
				MTL_FAST_MATH = YES;
				SWIFT_COMPILATION_MODE = wholemodule;
			};
			name = Release;
		};
		E035401A2F404D4E0017223C /* Debug */ = {
			isa = XCBuildConfiguration;
			buildSettings = {
				ASSETCATALOG_COMPILER_APPICON_NAME = AppIcon;
				ASSETCATALOG_COMPILER_GLOBAL_ACCENT_COLOR_NAME = AccentColor;
				CODE_SIGN_STYLE = Automatic;
				CURRENT_PROJECT_VERSION = 5;
				DEVELOPMENT_TEAM = DYMB4UT7G5;
				ENABLE_APP_SANDBOX = YES;
				ENABLE_HARDENED_RUNTIME = YES;
				ENABLE_PREVIEWS = YES;
				ENABLE_USER_SCRIPT_SANDBOXING = NO;
				ENABLE_USER_SELECTED_FILES = readwrite;
				GENERATE_INFOPLIST_FILE = YES;
				INFOPLIST_KEY_LSApplicationCategoryType = "public.app-category.utilities";
				LD_RUNPATH_SEARCH_PATHS = "@executable_path/Frameworks";
				"LD_RUNPATH_SEARCH_PATHS[sdk=macosx*]" = "@executable_path/../Frameworks";
				MACOSX_DEPLOYMENT_TARGET = 26.0;
				MARKETING_VERSION = 1.2;
				PRODUCT_BUNDLE_IDENTIFIER = com.deferare.MyConverter;
				PRODUCT_NAME = "$(TARGET_NAME)";
				REGISTER_APP_GROUPS = YES;
				SDKROOT = auto;
				STRING_CATALOG_GENERATE_SYMBOLS = YES;
				SUPPORTED_PLATFORMS = macosx;
				SWIFT_APPROACHABLE_CONCURRENCY = YES;
				SWIFT_DEFAULT_ACTOR_ISOLATION = MainActor;
				SWIFT_EMIT_LOC_STRINGS = YES;
				SWIFT_UPCOMING_FEATURE_MEMBER_IMPORT_VISIBILITY = YES;
				SWIFT_VERSION = 5.0;
			};
			name = Debug;
		};
		E035401B2F404D4E0017223C /* Release */ = {
			isa = XCBuildConfiguration;
			buildSettings = {
				ASSETCATALOG_COMPILER_APPICON_NAME = AppIcon;
				ASSETCATALOG_COMPILER_GLOBAL_ACCENT_COLOR_NAME = AccentColor;
				CODE_SIGN_STYLE = Automatic;
				CURRENT_PROJECT_VERSION = 5;
				DEVELOPMENT_TEAM = DYMB4UT7G5;
				ENABLE_APP_SANDBOX = YES;
				ENABLE_HARDENED_RUNTIME = YES;
				ENABLE_PREVIEWS = YES;
				ENABLE_USER_SCRIPT_SANDBOXING = NO;
				ENABLE_USER_SELECTED_FILES = readwrite;
				GENERATE_INFOPLIST_FILE = YES;
				INFOPLIST_KEY_LSApplicationCategoryType = "public.app-category.utilities";
				LD_RUNPATH_SEARCH_PATHS = "@executable_path/Frameworks";
				"LD_RUNPATH_SEARCH_PATHS[sdk=macosx*]" = "@executable_path/../Frameworks";
				MACOSX_DEPLOYMENT_TARGET = 26.0;
				MARKETING_VERSION = 1.2;
				PRODUCT_BUNDLE_IDENTIFIER = com.deferare.MyConverter;
				PRODUCT_NAME = "$(TARGET_NAME)";
				REGISTER_APP_GROUPS = YES;
				SDKROOT = auto;
				STRING_CATALOG_GENERATE_SYMBOLS = YES;
				SUPPORTED_PLATFORMS = macosx;
				SWIFT_APPROACHABLE_CONCURRENCY = YES;
				SWIFT_DEFAULT_ACTOR_ISOLATION = MainActor;
				SWIFT_EMIT_LOC_STRINGS = YES;
				SWIFT_UPCOMING_FEATURE_MEMBER_IMPORT_VISIBILITY = YES;
				SWIFT_VERSION = 5.0;
			};
			name = Release;
		};
		E29D7101E9007551BEADDE31 /* Release */ = {
			isa = XCBuildConfiguration;
			buildSettings = {
				CLANG_ENABLE_OBJC_WEAK = NO;
				CODE_SIGN_STYLE = Automatic;
				CURRENT_PROJECT_VERSION = 5;
				DEVELOPMENT_TEAM = DYMB4UT7G5;
				GENERATE_INFOPLIST_FILE = YES;
				IPHONEOS_DEPLOYMENT_TARGET = 26.0;
				MARKETING_VERSION = 1.2;
				PRODUCT_BUNDLE_IDENTIFIER = com.deferare.MyConverterCoreTests;
				PRODUCT_NAME = "$(TARGET_NAME)";
				SDKROOT = auto;
				SUPPORTED_PLATFORMS = "iphoneos iphonesimulator";
				SWIFT_APPROACHABLE_CONCURRENCY = YES;
				SWIFT_DEFAULT_ACTOR_ISOLATION = MainActor;
				SWIFT_EMIT_LOC_STRINGS = YES;
				SWIFT_UPCOMING_FEATURE_MEMBER_IMPORT_VISIBILITY = YES;
				SWIFT_VERSION = 5.0;
				TARGETED_DEVICE_FAMILY = "1,2";
				VALIDATE_PRODUCT = YES;
			};
			name = Release;
		};
		FE0CD8501B555E3E34671D29 /* Debug */ = {
			isa = XCBuildConfiguration;
			buildSettings = {
				CLANG_ENABLE_OBJC_WEAK = NO;
				CODE_SIGN_STYLE = Automatic;
				CURRENT_PROJECT_VERSION = 5;
				DEFINES_MODULE = YES;
				DEVELOPMENT_TEAM = DYMB4UT7G5;
				DYLIB_COMPATIBILITY_VERSION = 1;
				DYLIB_CURRENT_VERSION = 1;
				DYLIB_INSTALL_NAME_BASE = "@rpath";
				GENERATE_INFOPLIST_FILE = YES;
				INSTALL_PATH = "$(LOCAL_LIBRARY_DIR)/Frameworks";
				IPHONEOS_DEPLOYMENT_TARGET = 26.0;
				LD_RUNPATH_SEARCH_PATHS = (
					"$(inherited)",
					"@executable_path/Frameworks",
					"@loader_path/Frameworks",
				);
				MARKETING_VERSION = 1.2;
				PRODUCT_BUNDLE_IDENTIFIER = com.deferare.MyConverterCore;
				PRODUCT_NAME = "$(TARGET_NAME)";
				SDKROOT = auto;
				SKIP_INSTALL = YES;
				SUPPORTED_PLATFORMS = "iphoneos iphonesimulator";
				SWIFT_APPROACHABLE_CONCURRENCY = YES;
				SWIFT_DEFAULT_ACTOR_ISOLATION = MainActor;
				SWIFT_EMIT_LOC_STRINGS = YES;
				SWIFT_UPCOMING_FEATURE_MEMBER_IMPORT_VISIBILITY = YES;
				SWIFT_VERSION = 5.0;
				TARGETED_DEVICE_FAMILY = "1,2";
				VERSIONING_SYSTEM = "apple-generic";
				VERSION_INFO_PREFIX = "";
			};
			name = Debug;
		};
/* End XCBuildConfiguration section */

/* Begin XCConfigurationList section */
		1B334C1512534E5BBD7F7F06 /* Build configuration list for PBXNativeTarget "MyConverteriPad" */ = {
			isa = XCConfigurationList;
			buildConfigurations = (
				3C122A3FB5B0848EB630798A /* Release */,
				A12B671751FBCA890DDFE135 /* Debug */,
			);
			defaultConfigurationIsVisible = 0;
			defaultConfigurationName = Release;
		};
		C0F4F8871A13BFBCACE79FC5 /* Build configuration list for PBXNativeTarget "MyConverterCoreTests" */ = {
			isa = XCConfigurationList;
			buildConfigurations = (
				E29D7101E9007551BEADDE31 /* Release */,
				0730BC0C5642AD386D72E16C /* Debug */,
			);
			defaultConfigurationIsVisible = 0;
			defaultConfigurationName = Release;
		};
		E03540092F404D4C0017223C /* Build configuration list for PBXProject "MyConverter" */ = {
			isa = XCConfigurationList;
			buildConfigurations = (
				E03540172F404D4E0017223C /* Debug */,
				E03540182F404D4E0017223C /* Release */,
			);
			defaultConfigurationIsVisible = 0;
			defaultConfigurationName = Release;
		};
		E03540192F404D4E0017223C /* Build configuration list for PBXNativeTarget "MyConverter" */ = {
			isa = XCConfigurationList;
			buildConfigurations = (
				E035401A2F404D4E0017223C /* Debug */,
				E035401B2F404D4E0017223C /* Release */,
			);
			defaultConfigurationIsVisible = 0;
			defaultConfigurationName = Release;
		};
		E5059FB201A6816451D80CE0 /* Build configuration list for PBXNativeTarget "MyConverterCore" */ = {
			isa = XCConfigurationList;
			buildConfigurations = (
				917EA722CA5019C38D08E9BF /* Release */,
				FE0CD8501B555E3E34671D29 /* Debug */,
			);
			defaultConfigurationIsVisible = 0;
			defaultConfigurationName = Release;
		};
/* End XCConfigurationList section */

/* Begin XCRemoteSwiftPackageReference section */
		F365B99F3E61B672A91096BD /* XCRemoteSwiftPackageReference "FFmpeg-iOS" */ = {
			isa = XCRemoteSwiftPackageReference;
			repositoryURL = "https://github.com/kewlbear/FFmpeg-iOS.git";
			requirement = {
				kind = revision;
				revision = 4552bf5787c532fa650dcd10bda9403cd9d3a285;
			};
		};
/* End XCRemoteSwiftPackageReference section */

/* Begin XCSwiftPackageProductDependency section */
		5AA5E5DC33EBE17A0BE002E2 /* FFmpeg-iOS */ = {
			isa = XCSwiftPackageProductDependency;
			package = F365B99F3E61B672A91096BD /* XCRemoteSwiftPackageReference "FFmpeg-iOS" */;
			productName = "FFmpeg-iOS";
		};
/* End XCSwiftPackageProductDependency section */
	};
	rootObject = E03540062F404D4C0017223C /* Project object */;
}
